
Microsoft Visual Studio Solution File, Format Version 12.00
# Visual Studio Version 16
VisualStudioVersion = 16.0.29806.167
MinimumVisualStudioVersion = 10.0.40219.1
Project("{9A19103F-16F7-4668-BE54-9A1E7A4F7556}") = "UrgentTest", "UrgentTest\UrgentTest.csproj", "{CE4C88F5-7E6E-4426-A488-15D4BBAD9CB7}"
EndProject
Global
	GlobalSection(SolutionConfigurationPlatforms) = preSolution
		Debug|Any CPU = Debug|Any CPU
		Release|Any CPU = Release|Any CPU
	EndGlobalSection
	GlobalSection(ProjectConfigurationPlatforms) = postSolution
		{CE4C88F5-7E6E-4426-A488-15D4BBAD9CB7}.Debug|Any CPU.ActiveCfg = Debug|Any CPU
		{CE4C88F5-7E6E-4426-A488-15D4BBAD9CB7}.Debug|Any CPU.Build.0 = Debug|Any CPU
		{CE4C88F5-7E6E-4426-A488-15D4BBAD9CB7}.Release|Any CPU.ActiveCfg = Release|Any CPU
		{CE4C88F5-7E6E-4426-A488-15D4BBAD9CB7}.Release|Any CPU.Build.0 = Release|Any CPU
	EndGlobalSection
	GlobalSection(SolutionProperties) = preSolution
		HideSolutionNode = FALSE
	EndGlobalSection
	GlobalSection(ExtensibilityGlobals) = postSolution
		SolutionGuid = {43C344F5-AB7A-43EB-92E1-9D64FE8B023E}
	EndGlobalSection
EndGlobal
